// !$*UTF8*$!
{
	archiveVersion = 1;
	classes = {
	};
	objectVersion = 56;
	objects = {

/* Begin PBXBuildFile section */
		D851F3262AAE992300081AD5 /* AppDelegate.swift in Sources */ = {isa = PBXBuildFile; fileRef = D851F3252AAE992300081AD5 /* AppDelegate.swift */; };
		D851F3282AAE992300081AD5 /* SceneDelegate.swift in Sources */ = {isa = PBXBuildFile; fileRef = D851F3272AAE992300081AD5 /* SceneDelegate.swift */; };
		D851F32A2AAE992300081AD5 /* ViewController.swift in Sources */ = {isa = PBXBuildFile; fileRef = D851F3292AAE992300081AD5 /* ViewController.swift */; };
		D851F32D2AAE992300081AD5 /* Main.storyboard in Resources */ = {isa = PBXBuildFile; fileRef = D851F32B2AAE992300081AD5 /* Main.storyboard */; };
		D851F32F2AAE992400081AD5 /* Assets.xcassets in Resources */ = {isa = PBXBuildFile; fileRef = D851F32E2AAE992400081AD5 /* Assets.xcassets */; };
		D851F3322AAE992400081AD5 /* LaunchScreen.storyboard in Resources */ = {isa = PBXBuildFile; fileRef = D851F3302AAE992400081AD5 /* LaunchScreen.storyboard */; };
		D851F3412AAEAE2400081AD5 /* Localizable.strings in Resources */ = {isa = PBXBuildFile; fileRef = D851F3432AAEAE2400081AD5 /* Localizable.strings */; };
		D851F3472AAEBAB000081AD5 /* String+Extension.swift in Sources */ = {isa = PBXBuildFile; fileRef = D851F3462AAEBAB000081AD5 /* String+Extension.swift */; };
		D851F34A2AAEBDD400081AD5 /* InfoPlist.strings in Resources */ = {isa = PBXBuildFile; fileRef = D851F34C2AAEBDD400081AD5 /* InfoPlist.strings */; };
		D851F35A2AAFED5100081AD5 /* LoginViewController.swift in Sources */ = {isa = PBXBuildFile; fileRef = D851F3592AAFED5100081AD5 /* LoginViewController.swift */; };
		D851F35C2AAFF2F700081AD5 /* Observable.swift in Sources */ = {isa = PBXBuildFile; fileRef = D851F35B2AAFF2F700081AD5 /* Observable.swift */; };
		D851F35E2AAFFDEB00081AD5 /* SampleViewController.swift in Sources */ = {isa = PBXBuildFile; fileRef = D851F35D2AAFFDEB00081AD5 /* SampleViewController.swift */; };
		D851F3602AB0015400081AD5 /* SampleViewModel.swift in Sources */ = {isa = PBXBuildFile; fileRef = D851F35F2AB0015400081AD5 /* SampleViewModel.swift */; };
		D851F3622AB00E4100081AD5 /* LoginViewModel.swift in Sources */ = {isa = PBXBuildFile; fileRef = D851F3612AB00E4100081AD5 /* LoginViewModel.swift */; };
		D851F3652AB02A5300081AD5 /* Photo.swift in Sources */ = {isa = PBXBuildFile; fileRef = D851F3642AB02A5300081AD5 /* Photo.swift */; };
		D851F3672AB02A5C00081AD5 /* APIService.swift in Sources */ = {isa = PBXBuildFile; fileRef = D851F3662AB02A5C00081AD5 /* APIService.swift */; };
		D851F3692AB02B4B00081AD5 /* PhotoViewController.swift in Sources */ = {isa = PBXBuildFile; fileRef = D851F3682AB02B4B00081AD5 /* PhotoViewController.swift */; };
		D851F36B2AB02DA200081AD5 /* PhotoViewModel.swift in Sources */ = {isa = PBXBuildFile; fileRef = D851F36A2AB02DA200081AD5 /* PhotoViewModel.swift */; };
		D851F36E2AB05DF600081AD5 /* Kingfisher in Frameworks */ = {isa = PBXBuildFile; productRef = D851F36D2AB05DF600081AD5 /* Kingfisher */; };
		D851F3792AB0629200081AD5 /* SnapKit in Frameworks */ = {isa = PBXBuildFile; productRef = D851F3782AB0629200081AD5 /* SnapKit */; };
		D851F37C2AB0671700081AD5 /* PhotoTableViewCell.swift in Sources */ = {isa = PBXBuildFile; fileRef = D851F37A2AB0671700081AD5 /* PhotoTableViewCell.swift */; };
		D851F37D2AB0671700081AD5 /* PhotoTableViewCell.xib in Resources */ = {isa = PBXBuildFile; fileRef = D851F37B2AB0671700081AD5 /* PhotoTableViewCell.xib */; };
		D851F38B2AB139E300081AD5 /* CalculateViewController.swift in Sources */ = {isa = PBXBuildFile; fileRef = D851F38A2AB139E300081AD5 /* CalculateViewController.swift */; };
		D851F38D2AB13A9E00081AD5 /* CalculateViewModel.swift in Sources */ = {isa = PBXBuildFile; fileRef = D851F38C2AB13A9E00081AD5 /* CalculateViewModel.swift */; };
		D851F38F2AB13DAB00081AD5 /* SunObservable.swift in Sources */ = {isa = PBXBuildFile; fileRef = D851F38E2AB13DAB00081AD5 /* SunObservable.swift */; };
		D851F3922AB296EC00081AD5 /* SimpleTableViewController.swift in Sources */ = {isa = PBXBuildFile; fileRef = D851F3912AB296EC00081AD5 /* SimpleTableViewController.swift */; };
		D851F3942AB2A00F00081AD5 /* SimpleCollectionViewController.swift in Sources */ = {isa = PBXBuildFile; fileRef = D851F3932AB2A00F00081AD5 /* SimpleCollectionViewController.swift */; };
/* End PBXBuildFile section */

/* Begin PBXFileReference section */
		D851F3222AAE992300081AD5 /* SeSACUnSplashProject.app */ = {isa = PBXFileReference; explicitFileType = wrapper.application; includeInIndex = 0; path = SeSACUnSplashProject.app; sourceTree = BUILT_PRODUCTS_DIR; };
		D851F3252AAE992300081AD5 /* AppDelegate.swift */ = {isa = PBXFileReference; lastKnownFileType = sourcecode.swift; path = AppDelegate.swift; sourceTree = "<group>"; };
		D851F3272AAE992300081AD5 /* SceneDelegate.swift */ = {isa = PBXFileReference; lastKnownFileType = sourcecode.swift; path = SceneDelegate.swift; sourceTree = "<group>"; };
		D851F3292AAE992300081AD5 /* ViewController.swift */ = {isa = PBXFileReference; lastKnownFileType = sourcecode.swift; path = ViewController.swift; sourceTree = "<group>"; };
		D851F32C2AAE992300081AD5 /* Base */ = {isa = PBXFileReference; lastKnownFileType = file.storyboard; name = Base; path = Base.lproj/Main.storyboard; sourceTree = "<group>"; };
		D851F32E2AAE992400081AD5 /* Assets.xcassets */ = {isa = PBXFileReference; lastKnownFileType = folder.assetcatalog; path = Assets.xcassets; sourceTree = "<group>"; };
		D851F3312AAE992400081AD5 /* Base */ = {isa = PBXFileReference; lastKnownFileType = file.storyboard; name = Base; path = Base.lproj/LaunchScreen.storyboard; sourceTree = "<group>"; };
		D851F3332AAE992400081AD5 /* Info.plist */ = {isa = PBXFileReference; lastKnownFileType = text.plist.xml; path = Info.plist; sourceTree = "<group>"; };
		D851F3392AAE9CC100081AD5 /* ko */ = {isa = PBXFileReference; lastKnownFileType = text.plist.strings; name = ko; path = ko.lproj/Main.strings; sourceTree = "<group>"; };
		D851F33A2AAE9CC100081AD5 /* ko */ = {isa = PBXFileReference; lastKnownFileType = text.plist.strings; name = ko; path = ko.lproj/LaunchScreen.strings; sourceTree = "<group>"; };
		D851F33B2AAE9CCA00081AD5 /* ja */ = {isa = PBXFileReference; lastKnownFileType = text.plist.strings; name = ja; path = ja.lproj/Main.strings; sourceTree = "<group>"; };
		D851F33C2AAE9CCA00081AD5 /* ja */ = {isa = PBXFileReference; lastKnownFileType = text.plist.strings; name = ja; path = ja.lproj/LaunchScreen.strings; sourceTree = "<group>"; };
		D851F33E2AAE9DBC00081AD5 /* en */ = {isa = PBXFileReference; lastKnownFileType = text.plist.strings; name = en; path = en.lproj/Main.strings; sourceTree = "<group>"; };
		D851F3422AAEAE2400081AD5 /* en */ = {isa = PBXFileReference; lastKnownFileType = text.plist.strings; name = en; path = en.lproj/Localizable.strings; sourceTree = "<group>"; };
		D851F3442AAEAE3200081AD5 /* ja */ = {isa = PBXFileReference; lastKnownFileType = text.plist.strings; name = ja; path = ja.lproj/Localizable.strings; sourceTree = "<group>"; };
		D851F3452AAEAE3300081AD5 /* ko */ = {isa = PBXFileReference; lastKnownFileType = text.plist.strings; name = ko; path = ko.lproj/Localizable.strings; sourceTree = "<group>"; };
		D851F3462AAEBAB000081AD5 /* String+Extension.swift */ = {isa = PBXFileReference; lastKnownFileType = sourcecode.swift; path = "String+Extension.swift"; sourceTree = "<group>"; };
		D851F34B2AAEBDD400081AD5 /* en */ = {isa = PBXFileReference; lastKnownFileType = text.plist.strings; name = en; path = en.lproj/InfoPlist.strings; sourceTree = "<group>"; };
		D851F34D2AAEBDD600081AD5 /* ko */ = {isa = PBXFileReference; lastKnownFileType = text.plist.strings; name = ko; path = ko.lproj/InfoPlist.strings; sourceTree = "<group>"; };
		D851F34E2AAEBDD700081AD5 /* ja */ = {isa = PBXFileReference; lastKnownFileType = text.plist.strings; name = ja; path = ja.lproj/InfoPlist.strings; sourceTree = "<group>"; };
		D851F3592AAFED5100081AD5 /* LoginViewController.swift */ = {isa = PBXFileReference; lastKnownFileType = sourcecode.swift; path = LoginViewController.swift; sourceTree = "<group>"; };
		D851F35B2AAFF2F700081AD5 /* Observable.swift */ = {isa = PBXFileReference; lastKnownFileType = sourcecode.swift; path = Observable.swift; sourceTree = "<group>"; };
		D851F35D2AAFFDEB00081AD5 /* SampleViewController.swift */ = {isa = PBXFileReference; lastKnownFileType = sourcecode.swift; path = SampleViewController.swift; sourceTree = "<group>"; };
		D851F35F2AB0015400081AD5 /* SampleViewModel.swift */ = {isa = PBXFileReference; lastKnownFileType = sourcecode.swift; path = SampleViewModel.swift; sourceTree = "<group>"; };
		D851F3612AB00E4100081AD5 /* LoginViewModel.swift */ = {isa = PBXFileReference; lastKnownFileType = sourcecode.swift; path = LoginViewModel.swift; sourceTree = "<group>"; };
		D851F3642AB02A5300081AD5 /* Photo.swift */ = {isa = PBXFileReference; lastKnownFileType = sourcecode.swift; path = Photo.swift; sourceTree = "<group>"; };
		D851F3662AB02A5C00081AD5 /* APIService.swift */ = {isa = PBXFileReference; lastKnownFileType = sourcecode.swift; path = APIService.swift; sourceTree = "<group>"; };
		D851F3682AB02B4B00081AD5 /* PhotoViewController.swift */ = {isa = PBXFileReference; lastKnownFileType = sourcecode.swift; path = PhotoViewController.swift; sourceTree = "<group>"; };
		D851F36A2AB02DA200081AD5 /* PhotoViewModel.swift */ = {isa = PBXFileReference; lastKnownFileType = sourcecode.swift; path = PhotoViewModel.swift; sourceTree = "<group>"; };
		D851F37A2AB0671700081AD5 /* PhotoTableViewCell.swift */ = {isa = PBXFileReference; lastKnownFileType = sourcecode.swift; path = PhotoTableViewCell.swift; sourceTree = "<group>"; };
		D851F37B2AB0671700081AD5 /* PhotoTableViewCell.xib */ = {isa = PBXFileReference; lastKnownFileType = file.xib; path = PhotoTableViewCell.xib; sourceTree = "<group>"; };
		D851F38A2AB139E300081AD5 /* CalculateViewController.swift */ = {isa = PBXFileReference; lastKnownFileType = sourcecode.swift; path = CalculateViewController.swift; sourceTree = "<group>"; };
		D851F38C2AB13A9E00081AD5 /* CalculateViewModel.swift */ = {isa = PBXFileReference; lastKnownFileType = sourcecode.swift; path = CalculateViewModel.swift; sourceTree = "<group>"; };
		D851F38E2AB13DAB00081AD5 /* SunObservable.swift */ = {isa = PBXFileReference; lastKnownFileType = sourcecode.swift; path = SunObservable.swift; sourceTree = "<group>"; };
		D851F3912AB296EC00081AD5 /* SimpleTableViewController.swift */ = {isa = PBXFileReference; lastKnownFileType = sourcecode.swift; path = SimpleTableViewController.swift; sourceTree = "<group>"; };
		D851F3932AB2A00F00081AD5 /* SimpleCollectionViewController.swift */ = {isa = PBXFileReference; lastKnownFileType = sourcecode.swift; path = SimpleCollectionViewController.swift; sourceTree = "<group>"; };
/* End PBXFileReference section */

/* Begin PBXFrameworksBuildPhase section */
		D851F31F2AAE992300081AD5 /* Frameworks */ = {
			isa = PBXFrameworksBuildPhase;
			buildActionMask = 2147483647;
			files = (
				D851F36E2AB05DF600081AD5 /* Kingfisher in Frameworks */,
				D851F3792AB0629200081AD5 /* SnapKit in Frameworks */,
			);
			runOnlyForDeploymentPostprocessing = 0;
		};
/* End PBXFrameworksBuildPhase section */

/* Begin PBXGroup section */
		D851F3192AAE992300081AD5 = {
			isa = PBXGroup;
			children = (
				D851F3242AAE992300081AD5 /* SeSACUnSplashProject */,
				D851F3232AAE992300081AD5 /* Products */,
			);
			sourceTree = "<group>";
		};
		D851F3232AAE992300081AD5 /* Products */ = {
			isa = PBXGroup;
			children = (
				D851F3222AAE992300081AD5 /* SeSACUnSplashProject.app */,
			);
			name = Products;
			sourceTree = "<group>";
		};
		D851F3242AAE992300081AD5 /* SeSACUnSplashProject */ = {
			isa = PBXGroup;
			children = (
				D851F3902AB296DB00081AD5 /* New */,
				D851F3892AB139B800081AD5 /* Calculate */,
				D851F3632AB02A4A00081AD5 /* Photo */,
				D851F3582AAFED4100081AD5 /* Login */,
				D851F3252AAE992300081AD5 /* AppDelegate.swift */,
				D851F3272AAE992300081AD5 /* SceneDelegate.swift */,
				D851F3292AAE992300081AD5 /* ViewController.swift */,
				D851F3432AAEAE2400081AD5 /* Localizable.strings */,
				D851F32B2AAE992300081AD5 /* Main.storyboard */,
				D851F32E2AAE992400081AD5 /* Assets.xcassets */,
				D851F3302AAE992400081AD5 /* LaunchScreen.storyboard */,
				D851F3332AAE992400081AD5 /* Info.plist */,
				D851F3462AAEBAB000081AD5 /* String+Extension.swift */,
				D851F34C2AAEBDD400081AD5 /* InfoPlist.strings */,
			);
			path = SeSACUnSplashProject;
			sourceTree = "<group>";
		};
		D851F3582AAFED4100081AD5 /* Login */ = {
			isa = PBXGroup;
			children = (
				D851F3592AAFED5100081AD5 /* LoginViewController.swift */,
				D851F35B2AAFF2F700081AD5 /* Observable.swift */,
				D851F35D2AAFFDEB00081AD5 /* SampleViewController.swift */,
				D851F35F2AB0015400081AD5 /* SampleViewModel.swift */,
				D851F3612AB00E4100081AD5 /* LoginViewModel.swift */,
			);
			path = Login;
			sourceTree = "<group>";
		};
		D851F3632AB02A4A00081AD5 /* Photo */ = {
			isa = PBXGroup;
			children = (
				D851F3642AB02A5300081AD5 /* Photo.swift */,
				D851F3662AB02A5C00081AD5 /* APIService.swift */,
				D851F3682AB02B4B00081AD5 /* PhotoViewController.swift */,
				D851F36A2AB02DA200081AD5 /* PhotoViewModel.swift */,
				D851F37A2AB0671700081AD5 /* PhotoTableViewCell.swift */,
				D851F37B2AB0671700081AD5 /* PhotoTableViewCell.xib */,
			);
			path = Photo;
			sourceTree = "<group>";
		};
		D851F3892AB139B800081AD5 /* Calculate */ = {
			isa = PBXGroup;
			children = (
				D851F38A2AB139E300081AD5 /* CalculateViewController.swift */,
				D851F38C2AB13A9E00081AD5 /* CalculateViewModel.swift */,
				D851F38E2AB13DAB00081AD5 /* SunObservable.swift */,
			);
			path = Calculate;
			sourceTree = "<group>";
		};
		D851F3902AB296DB00081AD5 /* New */ = {
			isa = PBXGroup;
			children = (
				D851F3912AB296EC00081AD5 /* SimpleTableViewController.swift */,
				D851F3932AB2A00F00081AD5 /* SimpleCollectionViewController.swift */,
			);
			path = New;
			sourceTree = "<group>";
		};
/* End PBXGroup section */

/* Begin PBXNativeTarget section */
		D851F3212AAE992300081AD5 /* SeSACUnSplashProject */ = {
			isa = PBXNativeTarget;
			buildConfigurationList = D851F3362AAE992400081AD5 /* Build configuration list for PBXNativeTarget "SeSACUnSplashProject" */;
			buildPhases = (
				D851F31E2AAE992300081AD5 /* Sources */,
				D851F31F2AAE992300081AD5 /* Frameworks */,
				D851F3202AAE992300081AD5 /* Resources */,
			);
			buildRules = (
			);
			dependencies = (
			);
			name = SeSACUnSplashProject;
			packageProductDependencies = (
				D851F36D2AB05DF600081AD5 /* Kingfisher */,
				D851F3782AB0629200081AD5 /* SnapKit */,
			);
			productName = SeSACUnSplashProject;
			productReference = D851F3222AAE992300081AD5 /* SeSACUnSplashProject.app */;
			productType = "com.apple.product-type.application";
		};
/* End PBXNativeTarget section */

/* Begin PBXProject section */
		D851F31A2AAE992300081AD5 /* Project object */ = {
			isa = PBXProject;
			attributes = {
				BuildIndependentTargetsInParallel = 1;
				LastSwiftUpdateCheck = 1430;
				LastUpgradeCheck = 1430;
				TargetAttributes = {
					D851F3212AAE992300081AD5 = {
						CreatedOnToolsVersion = 14.3.1;
					};
				};
			};
			buildConfigurationList = D851F31D2AAE992300081AD5 /* Build configuration list for PBXProject "SeSACUnSplashProject" */;
			compatibilityVersion = "Xcode 14.0";
			developmentRegion = en;
			hasScannedForEncodings = 0;
			knownRegions = (
				en,
				Base,
				ko,
				ja,
			);
			mainGroup = D851F3192AAE992300081AD5;
			packageReferences = (
				D851F36C2AB05DF600081AD5 /* XCRemoteSwiftPackageReference "Kingfisher" */,
				D851F3772AB0629200081AD5 /* XCRemoteSwiftPackageReference "SnapKit" */,
			);
			productRefGroup = D851F3232AAE992300081AD5 /* Products */;
			projectDirPath = "";
			projectRoot = "";
			targets = (
				D851F3212AAE992300081AD5 /* SeSACUnSplashProject */,
			);
		};
/* End PBXProject section */

/* Begin PBXResourcesBuildPhase section */
		D851F3202AAE992300081AD5 /* Resources */ = {
			isa = PBXResourcesBuildPhase;
			buildActionMask = 2147483647;
			files = (
				D851F37D2AB0671700081AD5 /* PhotoTableViewCell.xib in Resources */,
				D851F3322AAE992400081AD5 /* LaunchScreen.storyboard in Resources */,
				D851F3412AAEAE2400081AD5 /* Localizable.strings in Resources */,
				D851F32F2AAE992400081AD5 /* Assets.xcassets in Resources */,
				D851F32D2AAE992300081AD5 /* Main.storyboard in Resources */,
				D851F34A2AAEBDD400081AD5 /* InfoPlist.strings in Resources */,
			);
			runOnlyForDeploymentPostprocessing = 0;
		};
/* End PBXResourcesBuildPhase section */

/* Begin PBXSourcesBuildPhase section */
		D851F31E2AAE992300081AD5 /* Sources */ = {
			isa = PBXSourcesBuildPhase;
			buildActionMask = 2147483647;
			files = (
				D851F37C2AB0671700081AD5 /* PhotoTableViewCell.swift in Sources */,
				D851F3472AAEBAB000081AD5 /* String+Extension.swift in Sources */,
				D851F32A2AAE992300081AD5 /* ViewController.swift in Sources */,
				D851F3262AAE992300081AD5 /* AppDelegate.swift in Sources */,
				D851F35A2AAFED5100081AD5 /* LoginViewController.swift in Sources */,
				D851F38F2AB13DAB00081AD5 /* SunObservable.swift in Sources */,
				D851F3672AB02A5C00081AD5 /* APIService.swift in Sources */,
				D851F3692AB02B4B00081AD5 /* PhotoViewController.swift in Sources */,
				D851F3652AB02A5300081AD5 /* Photo.swift in Sources */,
				D851F38B2AB139E300081AD5 /* CalculateViewController.swift in Sources */,
				D851F35C2AAFF2F700081AD5 /* Observable.swift in Sources */,
				D851F3282AAE992300081AD5 /* SceneDelegate.swift in Sources */,
				D851F3602AB0015400081AD5 /* SampleViewModel.swift in Sources */,
				D851F36B2AB02DA200081AD5 /* PhotoViewModel.swift in Sources */,
				D851F3942AB2A00F00081AD5 /* SimpleCollectionViewController.swift in Sources */,
				D851F38D2AB13A9E00081AD5 /* CalculateViewModel.swift in Sources */,
				D851F3922AB296EC00081AD5 /* SimpleTableViewController.swift in Sources */,
				D851F35E2AAFFDEB00081AD5 /* SampleViewController.swift in Sources */,
				D851F3622AB00E4100081AD5 /* LoginViewModel.swift in Sources */,
			);
			runOnlyForDeploymentPostprocessing = 0;
		};
/* End PBXSourcesBuildPhase section */

/* Begin PBXVariantGroup section */
		D851F32B2AAE992300081AD5 /* Main.storyboard */ = {
			isa = PBXVariantGroup;
			children = (
				D851F32C2AAE992300081AD5 /* Base */,
				D851F3392AAE9CC100081AD5 /* ko */,
				D851F33B2AAE9CCA00081AD5 /* ja */,
				D851F33E2AAE9DBC00081AD5 /* en */,
			);
			name = Main.storyboard;
			sourceTree = "<group>";
		};
		D851F3302AAE992400081AD5 /* LaunchScreen.storyboard */ = {
			isa = PBXVariantGroup;
			children = (
				D851F3312AAE992400081AD5 /* Base */,
				D851F33A2AAE9CC100081AD5 /* ko */,
				D851F33C2AAE9CCA00081AD5 /* ja */,
			);
			name = LaunchScreen.storyboard;
			sourceTree = "<group>";
		};
		D851F3432AAEAE2400081AD5 /* Localizable.strings */ = {
			isa = PBXVariantGroup;
			children = (
				D851F3422AAEAE2400081AD5 /* en */,
				D851F3442AAEAE3200081AD5 /* ja */,
				D851F3452AAEAE3300081AD5 /* ko */,
			);
			name = Localizable.strings;
			sourceTree = "<group>";
		};
		D851F34C2AAEBDD400081AD5 /* InfoPlist.strings */ = {
			isa = PBXVariantGroup;
			children = (
				D851F34B2AAEBDD400081AD5 /* en */,
				D851F34D2AAEBDD600081AD5 /* ko */,
				D851F34E2AAEBDD700081AD5 /* ja */,
			);
			name = InfoPlist.strings;
			sourceTree = "<group>";
		};
/* End PBXVariantGroup section */

/* Begin XCBuildConfiguration section */
		D851F3342AAE992400081AD5 /* Debug */ = {
			isa = XCBuildConfiguration;
			buildSettings = {
				ALWAYS_SEARCH_USER_PATHS = NO;
				CLANG_ANALYZER_LOCALIZABILITY_NONLOCALIZED = YES;
				CLANG_ANALYZER_NONNULL = YES;
				CLANG_ANALYZER_NUMBER_OBJECT_CONVERSION = YES_AGGRESSIVE;
				CLANG_CXX_LANGUAGE_STANDARD = "gnu++20";
				CLANG_ENABLE_MODULES = YES;
				CLANG_ENABLE_OBJC_ARC = YES;
				CLANG_ENABLE_OBJC_WEAK = YES;
				CLANG_WARN_BLOCK_CAPTURE_AUTORELEASING = YES;
				CLANG_WARN_BOOL_CONVERSION = YES;
				CLANG_WARN_COMMA = YES;
				CLANG_WARN_CONSTANT_CONVERSION = YES;
				CLANG_WARN_DEPRECATED_OBJC_IMPLEMENTATIONS = YES;
				CLANG_WARN_DIRECT_OBJC_ISA_USAGE = YES_ERROR;
				CLANG_WARN_DOCUMENTATION_COMMENTS = YES;
				CLANG_WARN_EMPTY_BODY = YES;
				CLANG_WARN_ENUM_CONVERSION = YES;
				CLANG_WARN_INFINITE_RECURSION = YES;
				CLANG_WARN_INT_CONVERSION = YES;
				CLANG_WARN_NON_LITERAL_NULL_CONVERSION = YES;
				CLANG_WARN_OBJC_IMPLICIT_RETAIN_SELF = YES;
				CLANG_WARN_OBJC_LITERAL_CONVERSION = YES;
				CLANG_WARN_OBJC_ROOT_CLASS = YES_ERROR;
				CLANG_WARN_QUOTED_INCLUDE_IN_FRAMEWORK_HEADER = YES;
				CLANG_WARN_RANGE_LOOP_ANALYSIS = YES;
				CLANG_WARN_STRICT_PROTOTYPES = YES;
				CLANG_WARN_SUSPICIOUS_MOVE = YES;
				CLANG_WARN_UNGUARDED_AVAILABILITY = YES_AGGRESSIVE;
				CLANG_WARN_UNREACHABLE_CODE = YES;
				CLANG_WARN__DUPLICATE_METHOD_MATCH = YES;
				COPY_PHASE_STRIP = NO;
				DEBUG_INFORMATION_FORMAT = dwarf;
				ENABLE_STRICT_OBJC_MSGSEND = YES;
				ENABLE_TESTABILITY = YES;
				GCC_C_LANGUAGE_STANDARD = gnu11;
				GCC_DYNAMIC_NO_PIC = NO;
				GCC_NO_COMMON_BLOCKS = YES;
				GCC_OPTIMIZATION_LEVEL = 0;
				GCC_PREPROCESSOR_DEFINITIONS = (
					"DEBUG=1",
					"$(inherited)",
				);
				GCC_WARN_64_TO_32_BIT_CONVERSION = YES;
				GCC_WARN_ABOUT_RETURN_TYPE = YES_ERROR;
				GCC_WARN_UNDECLARED_SELECTOR = YES;
				GCC_WARN_UNINITIALIZED_AUTOS = YES_AGGRESSIVE;
				GCC_WARN_UNUSED_FUNCTION = YES;
				GCC_WARN_UNUSED_VARIABLE = YES;
				IPHONEOS_DEPLOYMENT_TARGET = 16.4;
				MTL_ENABLE_DEBUG_INFO = INCLUDE_SOURCE;
				MTL_FAST_MATH = YES;
				ONLY_ACTIVE_ARCH = YES;
				SDKROOT = iphoneos;
				SWIFT_ACTIVE_COMPILATION_CONDITIONS = DEBUG;
				SWIFT_OPTIMIZATION_LEVEL = "-Onone";
			};
			name = Debug;
		};
		D851F3352AAE992400081AD5 /* Release */ = {
			isa = XCBuildConfiguration;
			buildSettings = {
				ALWAYS_SEARCH_USER_PATHS = NO;
				CLANG_ANALYZER_LOCALIZABILITY_NONLOCALIZED = YES;
				CLANG_ANALYZER_NONNULL = YES;
				CLANG_ANALYZER_NUMBER_OBJECT_CONVERSION = YES_AGGRESSIVE;
				CLANG_CXX_LANGUAGE_STANDARD = "gnu++20";
				CLANG_ENABLE_MODULES = YES;
				CLANG_ENABLE_OBJC_ARC = YES;
				CLANG_ENABLE_OBJC_WEAK = YES;
				CLANG_WARN_BLOCK_CAPTURE_AUTORELEASING = YES;
				CLANG_WARN_BOOL_CONVERSION = YES;
				CLANG_WARN_COMMA = YES;
				CLANG_WARN_CONSTANT_CONVERSION = YES;
				CLANG_WARN_DEPRECATED_OBJC_IMPLEMENTATIONS = YES;
				CLANG_WARN_DIRECT_OBJC_ISA_USAGE = YES_ERROR;
				CLANG_WARN_DOCUMENTATION_COMMENTS = YES;
				CLANG_WARN_EMPTY_BODY = YES;
				CLANG_WARN_ENUM_CONVERSION = YES;
				CLANG_WARN_INFINITE_RECURSION = YES;
				CLANG_WARN_INT_CONVERSION = YES;
				CLANG_WARN_NON_LITERAL_NULL_CONVERSION = YES;
				CLANG_WARN_OBJC_IMPLICIT_RETAIN_SELF = YES;
				CLANG_WARN_OBJC_LITERAL_CONVERSION = YES;
				CLANG_WARN_OBJC_ROOT_CLASS = YES_ERROR;
				CLANG_WARN_QUOTED_INCLUDE_IN_FRAMEWORK_HEADER = YES;
				CLANG_WARN_RANGE_LOOP_ANALYSIS = YES;
				CLANG_WARN_STRICT_PROTOTYPES = YES;
				CLANG_WARN_SUSPICIOUS_MOVE = YES;
				CLANG_WARN_UNGUARDED_AVAILABILITY = YES_AGGRESSIVE;
				CLANG_WARN_UNREACHABLE_CODE = YES;
				CLANG_WARN__DUPLICATE_METHOD_MATCH = YES;
				COPY_PHASE_STRIP = NO;
				DEBUG_INFORMATION_FORMAT = "dwarf-with-dsym";
				ENABLE_NS_ASSERTIONS = NO;
				ENABLE_STRICT_OBJC_MSGSEND = YES;
				GCC_C_LANGUAGE_STANDARD = gnu11;
				GCC_NO_COMMON_BLOCKS = YES;
				GCC_WARN_64_TO_32_BIT_CONVERSION = YES;
				GCC_WARN_ABOUT_RETURN_TYPE = YES_ERROR;
				GCC_WARN_UNDECLARED_SELECTOR = YES;
				GCC_WARN_UNINITIALIZED_AUTOS = YES_AGGRESSIVE;
				GCC_WARN_UNUSED_FUNCTION = YES;
				GCC_WARN_UNUSED_VARIABLE = YES;
				IPHONEOS_DEPLOYMENT_TARGET = 16.4;
				MTL_ENABLE_DEBUG_INFO = NO;
				MTL_FAST_MATH = YES;
				SDKROOT = iphoneos;
				SWIFT_COMPILATION_MODE = wholemodule;
				SWIFT_OPTIMIZATION_LEVEL = "-O";
				VALIDATE_PRODUCT = YES;
			};
			name = Release;
		};
		D851F3372AAE992400081AD5 /* Debug */ = {
			isa = XCBuildConfiguration;
			buildSettings = {
				ASSETCATALOG_COMPILER_APPICON_NAME = AppIcon;
				ASSETCATALOG_COMPILER_GLOBAL_ACCENT_COLOR_NAME = AccentColor;
				CODE_SIGN_STYLE = Automatic;
				CURRENT_PROJECT_VERSION = 1;
				DEVELOPMENT_TEAM = AM9D6522QR;
				GENERATE_INFOPLIST_FILE = YES;
				INFOPLIST_FILE = SeSACUnSplashProject/Info.plist;
				INFOPLIST_KEY_UIApplicationSupportsIndirectInputEvents = YES;
				INFOPLIST_KEY_UILaunchStoryboardName = LaunchScreen;
				INFOPLIST_KEY_UIMainStoryboardFile = Main;
				INFOPLIST_KEY_UISupportedInterfaceOrientations_iPad = "UIInterfaceOrientationPortrait UIInterfaceOrientationPortraitUpsideDown UIInterfaceOrientationLandscapeLeft UIInterfaceOrientationLandscapeRight";
				INFOPLIST_KEY_UISupportedInterfaceOrientations_iPhone = "UIInterfaceOrientationPortrait UIInterfaceOrientationLandscapeLeft UIInterfaceOrientationLandscapeRight";
				LD_RUNPATH_SEARCH_PATHS = (
					"$(inherited)",
					"@executable_path/Frameworks",
				);
				MARKETING_VERSION = 1.0;
				PRODUCT_BUNDLE_IDENTIFIER = com.Sun.SeSACUnSplashProject;
				PRODUCT_NAME = "$(TARGET_NAME)";
				SWIFT_EMIT_LOC_STRINGS = YES;
				SWIFT_VERSION = 5.0;
				TARGETED_DEVICE_FAMILY = "1,2";
			};
			name = Debug;
		};
		D851F3382AAE992400081AD5 /* Release */ = {
			isa = XCBuildConfiguration;
			buildSettings = {
				ASSETCATALOG_COMPILER_APPICON_NAME = AppIcon;
				ASSETCATALOG_COMPILER_GLOBAL_ACCENT_COLOR_NAME = AccentColor;
				CODE_SIGN_STYLE = Automatic;
				CURRENT_PROJECT_VERSION = 1;
				DEVELOPMENT_TEAM = AM9D6522QR;
				GENERATE_INFOPLIST_FILE = YES;
				INFOPLIST_FILE = SeSACUnSplashProject/Info.plist;
				INFOPLIST_KEY_UIApplicationSupportsIndirectInputEvents = YES;
				INFOPLIST_KEY_UILaunchStoryboardName = LaunchScreen;
				INFOPLIST_KEY_UIMainStoryboardFile = Main;
				INFOPLIST_KEY_UISupportedInterfaceOrientations_iPad = "UIInterfaceOrientationPortrait UIInterfaceOrientationPortraitUpsideDown UIInterfaceOrientationLandscapeLeft UIInterfaceOrientationLandscapeRight";
				INFOPLIST_KEY_UISupportedInterfaceOrientations_iPhone = "UIInterfaceOrientationPortrait UIInterfaceOrientationLandscapeLeft UIInterfaceOrientationLandscapeRight";
				LD_RUNPATH_SEARCH_PATHS = (
					"$(inherited)",
					"@executable_path/Frameworks",
				);
				MARKETING_VERSION = 1.0;
				PRODUCT_BUNDLE_IDENTIFIER = com.Sun.SeSACUnSplashProject;
				PRODUCT_NAME = "$(TARGET_NAME)";
				SWIFT_EMIT_LOC_STRINGS = YES;
				SWIFT_VERSION = 5.0;
				TARGETED_DEVICE_FAMILY = "1,2";
			};
			name = Release;
		};
/* End XCBuildConfiguration section */

/* Begin XCConfigurationList section */
		D851F31D2AAE992300081AD5 /* Build configuration list for PBXProject "SeSACUnSplashProject" */ = {
			isa = XCConfigurationList;
			buildConfigurations = (
				D851F3342AAE992400081AD5 /* Debug */,
				D851F3352AAE992400081AD5 /* Release */,
			);
			defaultConfigurationIsVisible = 0;
			defaultConfigurationName = Release;
		};
		D851F3362AAE992400081AD5 /* Build configuration list for PBXNativeTarget "SeSACUnSplashProject" */ = {
			isa = XCConfigurationList;
			buildConfigurations = (
				D851F3372AAE992400081AD5 /* Debug */,
				D851F3382AAE992400081AD5 /* Release */,
			);
			defaultConfigurationIsVisible = 0;
			defaultConfigurationName = Release;
		};
/* End XCConfigurationList section */

/* Begin XCRemoteSwiftPackageReference section */
		D851F36C2AB05DF600081AD5 /* XCRemoteSwiftPackageReference "Kingfisher" */ = {
			isa = XCRemoteSwiftPackageReference;
			repositoryURL = "https://github.com/onevcat/Kingfisher.git";
			requirement = {
				kind = upToNextMajorVersion;
				minimumVersion = 7.0.0;
			};
		};
		D851F3772AB0629200081AD5 /* XCRemoteSwiftPackageReference "SnapKit" */ = {
			isa = XCRemoteSwiftPackageReference;
			repositoryURL = "https://github.com/SnapKit/SnapKit.git";
			requirement = {
				kind = upToNextMajorVersion;
				minimumVersion = 5.0.0;
			};
		};
/* End XCRemoteSwiftPackageReference section */

/* Begin XCSwiftPackageProductDependency section */
		D851F36D2AB05DF600081AD5 /* Kingfisher */ = {
			isa = XCSwiftPackageProductDependency;
			package = D851F36C2AB05DF600081AD5 /* XCRemoteSwiftPackageReference "Kingfisher" */;
			productName = Kingfisher;
		};
		D851F3782AB0629200081AD5 /* SnapKit */ = {
			isa = XCSwiftPackageProductDependency;
			package = D851F3772AB0629200081AD5 /* XCRemoteSwiftPackageReference "SnapKit" */;
			productName = SnapKit;
		};
/* End XCSwiftPackageProductDependency section */
	};
	rootObject = D851F31A2AAE992300081AD5 /* Project object */;
}
